
Microsoft Visual Studio Solution File, Format Version 12.00
# Visual Studio Version 17
VisualStudioVersion = 17.11.35222.181
MinimumVisualStudioVersion = 10.0.40219.1
Project("{FAE04EC0-301F-11D3-BF4B-00C04F79EFBC}") = "DesktopAssignment", "DesktopAssignment.csproj", "{740A86AB-6A6E-430D-AC8B-2DA36FA3541B}"
EndProject
Global
	GlobalSection(SolutionConfigurationPlatforms) = preSolution
		Debug|Any CPU = Debug|Any CPU
		Release|Any CPU = Release|Any CPU
	EndGlobalSection
	GlobalSection(ProjectConfigurationPlatforms) = postSolution
		{740A86AB-6A6E-430D-AC8B-2DA36FA3541B}.Debug|Any CPU.ActiveCfg = Debug|Any CPU
		{740A86AB-6A6E-430D-AC8B-2DA36FA3541B}.Debug|Any CPU.Build.0 = Debug|Any CPU
		{740A86AB-6A6E-430D-AC8B-2DA36FA3541B}.Release|Any CPU.ActiveCfg = Release|Any CPU
		{740A86AB-6A6E-430D-AC8B-2DA36FA3541B}.Release|Any CPU.Build.0 = Release|Any CPU
	EndGlobalSection
	GlobalSection(SolutionProperties) = preSolution
		HideSolutionNode = FALSE
	EndGlobalSection
	GlobalSection(ExtensibilityGlobals) = postSolution
		SolutionGuid = {4762B253-7F98-461B-9641-B8B3E26CDAA7}
	EndGlobalSection
EndGlobal
